# This file is automatically @generated by Cargo.
# It is not intended for manual editing.
version = 3

[[package]]
name = "algorithms_core"
version = "0.1.0"

[[package]]
name = "algorithms_random"
version = "0.1.0"

[[package]]
name = "algorithms_sort"
version = "0.1.0"
dependencies = [
 "algorithms_core",
 "algorithms_random",
]
